// !$*UTF8*$!
{
	archiveVersion = 1;
	classes = {
	};
	objectVersion = 46;
	objects = {

/* Begin PBXBuildFile section */
		0285767218B99E3100E92FFA /* ParseTableViewController.m in Sources */ = {isa = PBXBuildFile; fileRef = 0285767118B99E3100E92FFA /* ParseTableViewController.m */; };
		0285767518B9A56100E92FFA /* HomeViewController.m in Sources */ = {isa = PBXBuildFile; fileRef = 0285767418B9A56100E92FFA /* HomeViewController.m */; };
		0285767818B9C28700E92FFA /* LoginViewController.m in Sources */ = {isa = PBXBuildFile; fileRef = 0285767718B9C28700E92FFA /* LoginViewController.m */; };
		0285767B18B9C29C00E92FFA /* SignUpViewController.m in Sources */ = {isa = PBXBuildFile; fileRef = 0285767A18B9C29C00E92FFA /* SignUpViewController.m */; };
		0285768018BA5A4800E92FFA /* FacebookSDK.framework in Frameworks */ = {isa = PBXBuildFile; fileRef = 0285767F18BA5A4800E92FFA /* FacebookSDK.framework */; };
		0285EE5618BAE3C6000C7407 /* ParseLoginViewController.m in Sources */ = {isa = PBXBuildFile; fileRef = 0285EE5518BAE3C6000C7407 /* ParseLoginViewController.m */; };
		02FD312D18A96F4E0066D987 /* Foundation.framework in Frameworks */ = {isa = PBXBuildFile; fileRef = 02FD312C18A96F4E0066D987 /* Foundation.framework */; };
		02FD312F18A96F4E0066D987 /* CoreGraphics.framework in Frameworks */ = {isa = PBXBuildFile; fileRef = 02FD312E18A96F4E0066D987 /* CoreGraphics.framework */; };
		02FD313118A96F4E0066D987 /* UIKit.framework in Frameworks */ = {isa = PBXBuildFile; fileRef = 02FD313018A96F4E0066D987 /* UIKit.framework */; };
		02FD313718A96F4E0066D987 /* InfoPlist.strings in Resources */ = {isa = PBXBuildFile; fileRef = 02FD313518A96F4E0066D987 /* InfoPlist.strings */; };
		02FD313918A96F4E0066D987 /* main.m in Sources */ = {isa = PBXBuildFile; fileRef = 02FD313818A96F4E0066D987 /* main.m */; };
		02FD313D18A96F4E0066D987 /* AppDelegate.m in Sources */ = {isa = PBXBuildFile; fileRef = 02FD313C18A96F4E0066D987 /* AppDelegate.m */; };
		02FD313F18A96F4E0066D987 /* Images.xcassets in Resources */ = {isa = PBXBuildFile; fileRef = 02FD313E18A96F4E0066D987 /* Images.xcassets */; };
		02FD314618A96F4E0066D987 /* XCTest.framework in Frameworks */ = {isa = PBXBuildFile; fileRef = 02FD314518A96F4E0066D987 /* XCTest.framework */; };
		02FD314718A96F4E0066D987 /* Foundation.framework in Frameworks */ = {isa = PBXBuildFile; fileRef = 02FD312C18A96F4E0066D987 /* Foundation.framework */; };
		02FD314818A96F4E0066D987 /* UIKit.framework in Frameworks */ = {isa = PBXBuildFile; fileRef = 02FD313018A96F4E0066D987 /* UIKit.framework */; };
		02FD315018A96F4E0066D987 /* InfoPlist.strings in Resources */ = {isa = PBXBuildFile; fileRef = 02FD314E18A96F4E0066D987 /* InfoPlist.strings */; };
		02FD315218A96F4E0066D987 /* ubercamTests.m in Sources */ = {isa = PBXBuildFile; fileRef = 02FD315118A96F4E0066D987 /* ubercamTests.m */; };
		02FD315C18A96F900066D987 /* MainStoryboard.storyboard in Resources */ = {isa = PBXBuildFile; fileRef = 02FD315B18A96F900066D987 /* MainStoryboard.storyboard */; };
		02FD315E18A9B3E00066D987 /* Parse.framework in Frameworks */ = {isa = PBXBuildFile; fileRef = 02FD315D18A9B3E00066D987 /* Parse.framework */; };
		02FD316818A9B45D0066D987 /* AudioToolbox.framework in Frameworks */ = {isa = PBXBuildFile; fileRef = 02FD315F18A9B45C0066D987 /* AudioToolbox.framework */; };
		02FD316918A9B45D0066D987 /* CFNetwork.framework in Frameworks */ = {isa = PBXBuildFile; fileRef = 02FD316018A9B45C0066D987 /* CFNetwork.framework */; };
		02FD316A18A9B45D0066D987 /* CoreLocation.framework in Frameworks */ = {isa = PBXBuildFile; fileRef = 02FD316118A9B45C0066D987 /* CoreLocation.framework */; };
		02FD316B18A9B45D0066D987 /* libz.dylib in Frameworks */ = {isa = PBXBuildFile; fileRef = 02FD316218A9B45C0066D987 /* libz.dylib */; };
		02FD316C18A9B45D0066D987 /* MobileCoreServices.framework in Frameworks */ = {isa = PBXBuildFile; fileRef = 02FD316318A9B45C0066D987 /* MobileCoreServices.framework */; };
		02FD316D18A9B45D0066D987 /* QuartzCore.framework in Frameworks */ = {isa = PBXBuildFile; fileRef = 02FD316418A9B45C0066D987 /* QuartzCore.framework */; };
		02FD316E18A9B45D0066D987 /* Security.framework in Frameworks */ = {isa = PBXBuildFile; fileRef = 02FD316518A9B45C0066D987 /* Security.framework */; };
		02FD316F18A9B45D0066D987 /* StoreKit.framework in Frameworks */ = {isa = PBXBuildFile; fileRef = 02FD316618A9B45C0066D987 /* StoreKit.framework */; };
		02FD317018A9B45D0066D987 /* SystemConfiguration.framework in Frameworks */ = {isa = PBXBuildFile; fileRef = 02FD316718A9B45D0066D987 /* SystemConfiguration.framework */; };
/* End PBXBuildFile section */

/* Begin PBXContainerItemProxy section */
		02FD314918A96F4E0066D987 /* PBXContainerItemProxy */ = {
			isa = PBXContainerItemProxy;
			containerPortal = 02FD312118A96F4E0066D987 /* Project object */;
			proxyType = 1;
			remoteGlobalIDString = 02FD312818A96F4E0066D987;
			remoteInfo = ubercam;
		};
/* End PBXContainerItemProxy section */

/* Begin PBXFileReference section */
		0285767018B99E3100E92FFA /* ParseTableViewController.h */ = {isa = PBXFileReference; fileEncoding = 4; lastKnownFileType = sourcecode.c.h; path = ParseTableViewController.h; sourceTree = "<group>"; };
		0285767118B99E3100E92FFA /* ParseTableViewController.m */ = {isa = PBXFileReference; fileEncoding = 4; lastKnownFileType = sourcecode.c.objc; path = ParseTableViewController.m; sourceTree = "<group>"; };
		0285767318B9A56100E92FFA /* HomeViewController.h */ = {isa = PBXFileReference; fileEncoding = 4; lastKnownFileType = sourcecode.c.h; path = HomeViewController.h; sourceTree = "<group>"; };
		0285767418B9A56100E92FFA /* HomeViewController.m */ = {isa = PBXFileReference; fileEncoding = 4; lastKnownFileType = sourcecode.c.objc; path = HomeViewController.m; sourceTree = "<group>"; };
		0285767618B9C28700E92FFA /* LoginViewController.h */ = {isa = PBXFileReference; fileEncoding = 4; lastKnownFileType = sourcecode.c.h; path = LoginViewController.h; sourceTree = "<group>"; };
		0285767718B9C28700E92FFA /* LoginViewController.m */ = {isa = PBXFileReference; fileEncoding = 4; lastKnownFileType = sourcecode.c.objc; path = LoginViewController.m; sourceTree = "<group>"; };
		0285767918B9C29C00E92FFA /* SignUpViewController.h */ = {isa = PBXFileReference; fileEncoding = 4; lastKnownFileType = sourcecode.c.h; path = SignUpViewController.h; sourceTree = "<group>"; };
		0285767A18B9C29C00E92FFA /* SignUpViewController.m */ = {isa = PBXFileReference; fileEncoding = 4; lastKnownFileType = sourcecode.c.objc; path = SignUpViewController.m; sourceTree = "<group>"; };
		0285767F18BA5A4800E92FFA /* FacebookSDK.framework */ = {isa = PBXFileReference; lastKnownFileType = wrapper.framework; name = FacebookSDK.framework; path = ../../../../FacebookSDK/FacebookSDK.framework; sourceTree = "<group>"; };
		0285EE5418BAE3C6000C7407 /* ParseLoginViewController.h */ = {isa = PBXFileReference; fileEncoding = 4; lastKnownFileType = sourcecode.c.h; path = ParseLoginViewController.h; sourceTree = "<group>"; };
		0285EE5518BAE3C6000C7407 /* ParseLoginViewController.m */ = {isa = PBXFileReference; fileEncoding = 4; lastKnownFileType = sourcecode.c.objc; path = ParseLoginViewController.m; sourceTree = "<group>"; };
		02FD312918A96F4E0066D987 /* ubercam.app */ = {isa = PBXFileReference; explicitFileType = wrapper.application; includeInIndex = 0; path = ubercam.app; sourceTree = BUILT_PRODUCTS_DIR; };
		02FD312C18A96F4E0066D987 /* Foundation.framework */ = {isa = PBXFileReference; lastKnownFileType = wrapper.framework; name = Foundation.framework; path = System/Library/Frameworks/Foundation.framework; sourceTree = SDKROOT; };
		02FD312E18A96F4E0066D987 /* CoreGraphics.framework */ = {isa = PBXFileReference; lastKnownFileType = wrapper.framework; name = CoreGraphics.framework; path = System/Library/Frameworks/CoreGraphics.framework; sourceTree = SDKROOT; };
		02FD313018A96F4E0066D987 /* UIKit.framework */ = {isa = PBXFileReference; lastKnownFileType = wrapper.framework; name = UIKit.framework; path = System/Library/Frameworks/UIKit.framework; sourceTree = SDKROOT; };
		02FD313418A96F4E0066D987 /* ubercam-Info.plist */ = {isa = PBXFileReference; lastKnownFileType = text.plist.xml; path = "ubercam-Info.plist"; sourceTree = "<group>"; };
		02FD313618A96F4E0066D987 /* en */ = {isa = PBXFileReference; lastKnownFileType = text.plist.strings; name = en; path = en.lproj/InfoPlist.strings; sourceTree = "<group>"; };
		02FD313818A96F4E0066D987 /* main.m */ = {isa = PBXFileReference; lastKnownFileType = sourcecode.c.objc; path = main.m; sourceTree = "<group>"; };
		02FD313A18A96F4E0066D987 /* ubercam-Prefix.pch */ = {isa = PBXFileReference; lastKnownFileType = sourcecode.c.h; path = "ubercam-Prefix.pch"; sourceTree = "<group>"; };
		02FD313B18A96F4E0066D987 /* AppDelegate.h */ = {isa = PBXFileReference; lastKnownFileType = sourcecode.c.h; path = AppDelegate.h; sourceTree = "<group>"; };
		02FD313C18A96F4E0066D987 /* AppDelegate.m */ = {isa = PBXFileReference; lastKnownFileType = sourcecode.c.objc; path = AppDelegate.m; sourceTree = "<group>"; };
		02FD313E18A96F4E0066D987 /* Images.xcassets */ = {isa = PBXFileReference; lastKnownFileType = folder.assetcatalog; path = Images.xcassets; sourceTree = "<group>"; };
		02FD314418A96F4E0066D987 /* ubercamTests.xctest */ = {isa = PBXFileReference; explicitFileType = wrapper.cfbundle; includeInIndex = 0; path = ubercamTests.xctest; sourceTree = BUILT_PRODUCTS_DIR; };
		02FD314518A96F4E0066D987 /* XCTest.framework */ = {isa = PBXFileReference; lastKnownFileType = wrapper.framework; name = XCTest.framework; path = Library/Frameworks/XCTest.framework; sourceTree = DEVELOPER_DIR; };
		02FD314D18A96F4E0066D987 /* ubercamTests-Info.plist */ = {isa = PBXFileReference; lastKnownFileType = text.plist.xml; path = "ubercamTests-Info.plist"; sourceTree = "<group>"; };
		02FD314F18A96F4E0066D987 /* en */ = {isa = PBXFileReference; lastKnownFileType = text.plist.strings; name = en; path = en.lproj/InfoPlist.strings; sourceTree = "<group>"; };
		02FD315118A96F4E0066D987 /* ubercamTests.m */ = {isa = PBXFileReference; lastKnownFileType = sourcecode.c.objc; path = ubercamTests.m; sourceTree = "<group>"; };
		02FD315B18A96F900066D987 /* MainStoryboard.storyboard */ = {isa = PBXFileReference; fileEncoding = 4; lastKnownFileType = file.storyboard; path = MainStoryboard.storyboard; sourceTree = "<group>"; };
		02FD315D18A9B3E00066D987 /* Parse.framework */ = {isa = PBXFileReference; lastKnownFileType = wrapper.framework; path = Parse.framework; sourceTree = "<group>"; };
		02FD315F18A9B45C0066D987 /* AudioToolbox.framework */ = {isa = PBXFileReference; lastKnownFileType = wrapper.framework; name = AudioToolbox.framework; path = System/Library/Frameworks/AudioToolbox.framework; sourceTree = SDKROOT; };
		02FD316018A9B45C0066D987 /* CFNetwork.framework */ = {isa = PBXFileReference; lastKnownFileType = wrapper.framework; name = CFNetwork.framework; path = System/Library/Frameworks/CFNetwork.framework; sourceTree = SDKROOT; };
		02FD316118A9B45C0066D987 /* CoreLocation.framework */ = {isa = PBXFileReference; lastKnownFileType = wrapper.framework; name = CoreLocation.framework; path = System/Library/Frameworks/CoreLocation.framework; sourceTree = SDKROOT; };
		02FD316218A9B45C0066D987 /* libz.dylib */ = {isa = PBXFileReference; lastKnownFileType = "compiled.mach-o.dylib"; name = libz.dylib; path = usr/lib/libz.dylib; sourceTree = SDKROOT; };
		02FD316318A9B45C0066D987 /* MobileCoreServices.framework */ = {isa = PBXFileReference; lastKnownFileType = wrapper.framework; name = MobileCoreServices.framework; path = System/Library/Frameworks/MobileCoreServices.framework; sourceTree = SDKROOT; };
		02FD316418A9B45C0066D987 /* QuartzCore.framework */ = {isa = PBXFileReference; lastKnownFileType = wrapper.framework; name = QuartzCore.framework; path = System/Library/Frameworks/QuartzCore.framework; sourceTree = SDKROOT; };
		02FD316518A9B45C0066D987 /* Security.framework */ = {isa = PBXFileReference; lastKnownFileType = wrapper.framework; name = Security.framework; path = System/Library/Frameworks/Security.framework; sourceTree = SDKROOT; };
		02FD316618A9B45C0066D987 /* StoreKit.framework */ = {isa = PBXFileReference; lastKnownFileType = wrapper.framework; name = StoreKit.framework; path = System/Library/Frameworks/StoreKit.framework; sourceTree = SDKROOT; };
		02FD316718A9B45D0066D987 /* SystemConfiguration.framework */ = {isa = PBXFileReference; lastKnownFileType = wrapper.framework; name = SystemConfiguration.framework; path = System/Library/Frameworks/SystemConfiguration.framework; sourceTree = SDKROOT; };
/* End PBXFileReference section */

/* Begin PBXFrameworksBuildPhase section */
		02FD312618A96F4E0066D987 /* Frameworks */ = {
			isa = PBXFrameworksBuildPhase;
			buildActionMask = 2147483647;
			files = (
				02FD316818A9B45D0066D987 /* AudioToolbox.framework in Frameworks */,
				02FD316918A9B45D0066D987 /* CFNetwork.framework in Frameworks */,
				02FD316A18A9B45D0066D987 /* CoreLocation.framework in Frameworks */,
				02FD316B18A9B45D0066D987 /* libz.dylib in Frameworks */,
				02FD316C18A9B45D0066D987 /* MobileCoreServices.framework in Frameworks */,
				02FD316D18A9B45D0066D987 /* QuartzCore.framework in Frameworks */,
				02FD316E18A9B45D0066D987 /* Security.framework in Frameworks */,
				02FD316F18A9B45D0066D987 /* StoreKit.framework in Frameworks */,
				02FD317018A9B45D0066D987 /* SystemConfiguration.framework in Frameworks */,
				02FD312F18A96F4E0066D987 /* CoreGraphics.framework in Frameworks */,
				02FD313118A96F4E0066D987 /* UIKit.framework in Frameworks */,
				02FD315E18A9B3E00066D987 /* Parse.framework in Frameworks */,
				02FD312D18A96F4E0066D987 /* Foundation.framework in Frameworks */,
				0285768018BA5A4800E92FFA /* FacebookSDK.framework in Frameworks */,
			);
			runOnlyForDeploymentPostprocessing = 0;
		};
		02FD314118A96F4E0066D987 /* Frameworks */ = {
			isa = PBXFrameworksBuildPhase;
			buildActionMask = 2147483647;
			files = (
				02FD314618A96F4E0066D987 /* XCTest.framework in Frameworks */,
				02FD314818A96F4E0066D987 /* UIKit.framework in Frameworks */,
				02FD314718A96F4E0066D987 /* Foundation.framework in Frameworks */,
			);
			runOnlyForDeploymentPostprocessing = 0;
		};
/* End PBXFrameworksBuildPhase section */

/* Begin PBXGroup section */
		02FD312018A96F4E0066D987 = {
			isa = PBXGroup;
			children = (
				02FD313218A96F4E0066D987 /* ubercam */,
				02FD314B18A96F4E0066D987 /* ubercamTests */,
				02FD312B18A96F4E0066D987 /* Frameworks */,
				02FD312A18A96F4E0066D987 /* Products */,
			);
			sourceTree = "<group>";
		};
		02FD312A18A96F4E0066D987 /* Products */ = {
			isa = PBXGroup;
			children = (
				02FD312918A96F4E0066D987 /* ubercam.app */,
				02FD314418A96F4E0066D987 /* ubercamTests.xctest */,
			);
			name = Products;
			sourceTree = "<group>";
		};
		02FD312B18A96F4E0066D987 /* Frameworks */ = {
			isa = PBXGroup;
			children = (
				0285767F18BA5A4800E92FFA /* FacebookSDK.framework */,
				02FD315F18A9B45C0066D987 /* AudioToolbox.framework */,
				02FD316018A9B45C0066D987 /* CFNetwork.framework */,
				02FD316118A9B45C0066D987 /* CoreLocation.framework */,
				02FD316218A9B45C0066D987 /* libz.dylib */,
				02FD316318A9B45C0066D987 /* MobileCoreServices.framework */,
				02FD316418A9B45C0066D987 /* QuartzCore.framework */,
				02FD316518A9B45C0066D987 /* Security.framework */,
				02FD316618A9B45C0066D987 /* StoreKit.framework */,
				02FD316718A9B45D0066D987 /* SystemConfiguration.framework */,
				02FD315D18A9B3E00066D987 /* Parse.framework */,
				02FD312C18A96F4E0066D987 /* Foundation.framework */,
				02FD312E18A96F4E0066D987 /* CoreGraphics.framework */,
				02FD313018A96F4E0066D987 /* UIKit.framework */,
				02FD314518A96F4E0066D987 /* XCTest.framework */,
			);
			name = Frameworks;
			sourceTree = "<group>";
		};
		02FD313218A96F4E0066D987 /* ubercam */ = {
			isa = PBXGroup;
			children = (
				02FD313B18A96F4E0066D987 /* AppDelegate.h */,
				02FD313C18A96F4E0066D987 /* AppDelegate.m */,
				0285EE5418BAE3C6000C7407 /* ParseLoginViewController.h */,
				0285EE5518BAE3C6000C7407 /* ParseLoginViewController.m */,
				0285767018B99E3100E92FFA /* ParseTableViewController.h */,
				0285767118B99E3100E92FFA /* ParseTableViewController.m */,
				0285767618B9C28700E92FFA /* LoginViewController.h */,
				0285767718B9C28700E92FFA /* LoginViewController.m */,
				0285767918B9C29C00E92FFA /* SignUpViewController.h */,
				0285767A18B9C29C00E92FFA /* SignUpViewController.m */,
				0285767318B9A56100E92FFA /* HomeViewController.h */,
				0285767418B9A56100E92FFA /* HomeViewController.m */,
				02FD315B18A96F900066D987 /* MainStoryboard.storyboard */,
				02FD313E18A96F4E0066D987 /* Images.xcassets */,
				02FD313318A96F4E0066D987 /* Supporting Files */,
			);
			path = ubercam;
			sourceTree = "<group>";
		};
		02FD313318A96F4E0066D987 /* Supporting Files */ = {
			isa = PBXGroup;
			children = (
				02FD313418A96F4E0066D987 /* ubercam-Info.plist */,
				02FD313518A96F4E0066D987 /* InfoPlist.strings */,
				02FD313818A96F4E0066D987 /* main.m */,
				02FD313A18A96F4E0066D987 /* ubercam-Prefix.pch */,
			);
			name = "Supporting Files";
			sourceTree = "<group>";
		};
		02FD314B18A96F4E0066D987 /* ubercamTests */ = {
			isa = PBXGroup;
			children = (
				02FD315118A96F4E0066D987 /* ubercamTests.m */,
				02FD314C18A96F4E0066D987 /* Supporting Files */,
			);
			path = ubercamTests;
			sourceTree = "<group>";
		};
		02FD314C18A96F4E0066D987 /* Supporting Files */ = {
			isa = PBXGroup;
			children = (
				02FD314D18A96F4E0066D987 /* ubercamTests-Info.plist */,
				02FD314E18A96F4E0066D987 /* InfoPlist.strings */,
			);
			name = "Supporting Files";
			sourceTree = "<group>";
		};
/* End PBXGroup section */

/* Begin PBXNativeTarget section */
		02FD312818A96F4E0066D987 /* ubercam */ = {
			isa = PBXNativeTarget;
			buildConfigurationList = 02FD315518A96F4E0066D987 /* Build configuration list for PBXNativeTarget "ubercam" */;
			buildPhases = (
				02FD312518A96F4E0066D987 /* Sources */,
				02FD312618A96F4E0066D987 /* Frameworks */,
				02FD312718A96F4E0066D987 /* Resources */,
			);
			buildRules = (
			);
			dependencies = (
			);
			name = ubercam;
			productName = ubercam;
			productReference = 02FD312918A96F4E0066D987 /* ubercam.app */;
			productType = "com.apple.product-type.application";
		};
		02FD314318A96F4E0066D987 /* ubercamTests */ = {
			isa = PBXNativeTarget;
			buildConfigurationList = 02FD315818A96F4E0066D987 /* Build configuration list for PBXNativeTarget "ubercamTests" */;
			buildPhases = (
				02FD314018A96F4E0066D987 /* Sources */,
				02FD314118A96F4E0066D987 /* Frameworks */,
				02FD314218A96F4E0066D987 /* Resources */,
			);
			buildRules = (
			);
			dependencies = (
				02FD314A18A96F4E0066D987 /* PBXTargetDependency */,
			);
			name = ubercamTests;
			productName = ubercamTests;
			productReference = 02FD314418A96F4E0066D987 /* ubercamTests.xctest */;
			productType = "com.apple.product-type.bundle.unit-test";
		};
/* End PBXNativeTarget section */

/* Begin PBXProject section */
		02FD312118A96F4E0066D987 /* Project object */ = {
			isa = PBXProject;
			attributes = {
				LastUpgradeCheck = 0500;
				ORGANIZATIONNAME = danielxu;
				TargetAttributes = {
					02FD314318A96F4E0066D987 = {
						TestTargetID = 02FD312818A96F4E0066D987;
					};
				};
			};
			buildConfigurationList = 02FD312418A96F4E0066D987 /* Build configuration list for PBXProject "ubercam" */;
			compatibilityVersion = "Xcode 3.2";
			developmentRegion = English;
			hasScannedForEncodings = 0;
			knownRegions = (
				en,
			);
			mainGroup = 02FD312018A96F4E0066D987;
			productRefGroup = 02FD312A18A96F4E0066D987 /* Products */;
			projectDirPath = "";
			projectRoot = "";
			targets = (
				02FD312818A96F4E0066D987 /* ubercam */,
				02FD314318A96F4E0066D987 /* ubercamTests */,
			);
		};
/* End PBXProject section */

/* Begin PBXResourcesBuildPhase section */
		02FD312718A96F4E0066D987 /* Resources */ = {
			isa = PBXResourcesBuildPhase;
			buildActionMask = 2147483647;
			files = (
				02FD315C18A96F900066D987 /* MainStoryboard.storyboard in Resources */,
				02FD313718A96F4E0066D987 /* InfoPlist.strings in Resources */,
				02FD313F18A96F4E0066D987 /* Images.xcassets in Resources */,
			);
			runOnlyForDeploymentPostprocessing = 0;
		};
		02FD314218A96F4E0066D987 /* Resources */ = {
			isa = PBXResourcesBuildPhase;
			buildActionMask = 2147483647;
			files = (
				02FD315018A96F4E0066D987 /* InfoPlist.strings in Resources */,
			);
			runOnlyForDeploymentPostprocessing = 0;
		};
/* End PBXResourcesBuildPhase section */

/* Begin PBXSourcesBuildPhase section */
		02FD312518A96F4E0066D987 /* Sources */ = {
			isa = PBXSourcesBuildPhase;
			buildActionMask = 2147483647;
			files = (
				02FD313D18A96F4E0066D987 /* AppDelegate.m in Sources */,
				02FD313918A96F4E0066D987 /* main.m in Sources */,
				0285767B18B9C29C00E92FFA /* SignUpViewController.m in Sources */,
				0285767218B99E3100E92FFA /* ParseTableViewController.m in Sources */,
				0285767518B9A56100E92FFA /* HomeViewController.m in Sources */,
				0285EE5618BAE3C6000C7407 /* ParseLoginViewController.m in Sources */,
				0285767818B9C28700E92FFA /* LoginViewController.m in Sources */,
			);
			runOnlyForDeploymentPostprocessing = 0;
		};
		02FD314018A96F4E0066D987 /* Sources */ = {
			isa = PBXSourcesBuildPhase;
			buildActionMask = 2147483647;
			files = (
				02FD315218A96F4E0066D987 /* ubercamTests.m in Sources */,
			);
			runOnlyForDeploymentPostprocessing = 0;
		};
/* End PBXSourcesBuildPhase section */

/* Begin PBXTargetDependency section */
		02FD314A18A96F4E0066D987 /* PBXTargetDependency */ = {
			isa = PBXTargetDependency;
			target = 02FD312818A96F4E0066D987 /* ubercam */;
			targetProxy = 02FD314918A96F4E0066D987 /* PBXContainerItemProxy */;
		};
/* End PBXTargetDependency section */

/* Begin PBXVariantGroup section */
		02FD313518A96F4E0066D987 /* InfoPlist.strings */ = {
			isa = PBXVariantGroup;
			children = (
				02FD313618A96F4E0066D987 /* en */,
			);
			name = InfoPlist.strings;
			sourceTree = "<group>";
		};
		02FD314E18A96F4E0066D987 /* InfoPlist.strings */ = {
			isa = PBXVariantGroup;
			children = (
				02FD314F18A96F4E0066D987 /* en */,
			);
			name = InfoPlist.strings;
			sourceTree = "<group>";
		};
/* End PBXVariantGroup section */

/* Begin XCBuildConfiguration section */
		02FD315318A96F4E0066D987 /* Debug */ = {
			isa = XCBuildConfiguration;
			buildSettings = {
				ALWAYS_SEARCH_USER_PATHS = NO;
				ARCHS = "$(ARCHS_STANDARD_INCLUDING_64_BIT)";
				CLANG_CXX_LANGUAGE_STANDARD = "gnu++0x";
				CLANG_CXX_LIBRARY = "libc++";
				CLANG_ENABLE_MODULES = YES;
				CLANG_ENABLE_OBJC_ARC = YES;
				CLANG_WARN_BOOL_CONVERSION = YES;
				CLANG_WARN_CONSTANT_CONVERSION = YES;
				CLANG_WARN_DIRECT_OBJC_ISA_USAGE = YES_ERROR;
				CLANG_WARN_EMPTY_BODY = YES;
				CLANG_WARN_ENUM_CONVERSION = YES;
				CLANG_WARN_INT_CONVERSION = YES;
				CLANG_WARN_OBJC_ROOT_CLASS = YES_ERROR;
				CLANG_WARN__DUPLICATE_METHOD_MATCH = YES;
				"CODE_SIGN_IDENTITY[sdk=iphoneos*]" = "iPhone Developer";
				COPY_PHASE_STRIP = NO;
				GCC_C_LANGUAGE_STANDARD = gnu99;
				GCC_DYNAMIC_NO_PIC = NO;
				GCC_OPTIMIZATION_LEVEL = 0;
				GCC_PREPROCESSOR_DEFINITIONS = (
					"DEBUG=1",
					"$(inherited)",
				);
				GCC_SYMBOLS_PRIVATE_EXTERN = NO;
				GCC_WARN_64_TO_32_BIT_CONVERSION = YES;
				GCC_WARN_ABOUT_RETURN_TYPE = YES_ERROR;
				GCC_WARN_UNDECLARED_SELECTOR = YES;
				GCC_WARN_UNINITIALIZED_AUTOS = YES;
				GCC_WARN_UNUSED_FUNCTION = YES;
				GCC_WARN_UNUSED_VARIABLE = YES;
				IPHONEOS_DEPLOYMENT_TARGET = 7.0;
				ONLY_ACTIVE_ARCH = YES;
				SDKROOT = iphoneos;
			};
			name = Debug;
		};
		02FD315418A96F4E0066D987 /* Release */ = {
			isa = XCBuildConfiguration;
			buildSettings = {
				ALWAYS_SEARCH_USER_PATHS = NO;
				ARCHS = "$(ARCHS_STANDARD_INCLUDING_64_BIT)";
				CLANG_CXX_LANGUAGE_STANDARD = "gnu++0x";
				CLANG_CXX_LIBRARY = "libc++";
				CLANG_ENABLE_MODULES = YES;
				CLANG_ENABLE_OBJC_ARC = YES;
				CLANG_WARN_BOOL_CONVERSION = YES;
				CLANG_WARN_CONSTANT_CONVERSION = YES;
				CLANG_WARN_DIRECT_OBJC_ISA_USAGE = YES_ERROR;
				CLANG_WARN_EMPTY_BODY = YES;
				CLANG_WARN_ENUM_CONVERSION = YES;
				CLANG_WARN_INT_CONVERSION = YES;
				CLANG_WARN_OBJC_ROOT_CLASS = YES_ERROR;
				CLANG_WARN__DUPLICATE_METHOD_MATCH = YES;
				"CODE_SIGN_IDENTITY[sdk=iphoneos*]" = "iPhone Developer";
				COPY_PHASE_STRIP = YES;
				ENABLE_NS_ASSERTIONS = NO;
				GCC_C_LANGUAGE_STANDARD = gnu99;
				GCC_WARN_64_TO_32_BIT_CONVERSION = YES;
				GCC_WARN_ABOUT_RETURN_TYPE = YES_ERROR;
				GCC_WARN_UNDECLARED_SELECTOR = YES;
				GCC_WARN_UNINITIALIZED_AUTOS = YES;
				GCC_WARN_UNUSED_FUNCTION = YES;
				GCC_WARN_UNUSED_VARIABLE = YES;
				IPHONEOS_DEPLOYMENT_TARGET = 7.0;
				SDKROOT = iphoneos;
				VALIDATE_PRODUCT = YES;
			};
			name = Release;
		};
		02FD315618A96F4E0066D987 /* Debug */ = {
			isa = XCBuildConfiguration;
			buildSettings = {
				ASSETCATALOG_COMPILER_APPICON_NAME = AppIcon;
				ASSETCATALOG_COMPILER_LAUNCHIMAGE_NAME = LaunchImage;
				FRAMEWORK_SEARCH_PATHS = (
					"$(inherited)",
					/Users/DrShoe/Documents/Udemy/ubercam,
					/Users/DrShoe/Documents/FacebookSDK,
				);
				GCC_PRECOMPILE_PREFIX_HEADER = YES;
				GCC_PREFIX_HEADER = "ubercam/ubercam-Prefix.pch";
				INFOPLIST_FILE = "ubercam/ubercam-Info.plist";
				PRODUCT_NAME = "$(TARGET_NAME)";
				WRAPPER_EXTENSION = app;
			};
			name = Debug;
		};
		02FD315718A96F4E0066D987 /* Release */ = {
			isa = XCBuildConfiguration;
			buildSettings = {
				ASSETCATALOG_COMPILER_APPICON_NAME = AppIcon;
				ASSETCATALOG_COMPILER_LAUNCHIMAGE_NAME = LaunchImage;
				FRAMEWORK_SEARCH_PATHS = (
					"$(inherited)",
					/Users/DrShoe/Documents/Udemy/ubercam,
					/Users/DrShoe/Documents/FacebookSDK,
				);
				GCC_PRECOMPILE_PREFIX_HEADER = YES;
				GCC_PREFIX_HEADER = "ubercam/ubercam-Prefix.pch";
				INFOPLIST_FILE = "ubercam/ubercam-Info.plist";
				PRODUCT_NAME = "$(TARGET_NAME)";
				WRAPPER_EXTENSION = app;
			};
			name = Release;
		};
		02FD315918A96F4E0066D987 /* Debug */ = {
			isa = XCBuildConfiguration;
			buildSettings = {
				ARCHS = "$(ARCHS_STANDARD_INCLUDING_64_BIT)";
				BUNDLE_LOADER = "$(BUILT_PRODUCTS_DIR)/ubercam.app/ubercam";
				FRAMEWORK_SEARCH_PATHS = (
					"$(SDKROOT)/Developer/Library/Frameworks",
					"$(inherited)",
					"$(DEVELOPER_FRAMEWORKS_DIR)",
				);
				GCC_PRECOMPILE_PREFIX_HEADER = YES;
				GCC_PREFIX_HEADER = "ubercam/ubercam-Prefix.pch";
				GCC_PREPROCESSOR_DEFINITIONS = (
					"DEBUG=1",
					"$(inherited)",
				);
				INFOPLIST_FILE = "ubercamTests/ubercamTests-Info.plist";
				PRODUCT_NAME = "$(TARGET_NAME)";
				TEST_HOST = "$(BUNDLE_LOADER)";
				WRAPPER_EXTENSION = xctest;
			};
			name = Debug;
		};
		02FD315A18A96F4E0066D987 /* Release */ = {
			isa = XCBuildConfiguration;
			buildSettings = {
				ARCHS = "$(ARCHS_STANDARD_INCLUDING_64_BIT)";
				BUNDLE_LOADER = "$(BUILT_PRODUCTS_DIR)/ubercam.app/ubercam";
				FRAMEWORK_SEARCH_PATHS = (
					"$(SDKROOT)/Developer/Library/Frameworks",
					"$(inherited)",
					"$(DEVELOPER_FRAMEWORKS_DIR)",
				);
				GCC_PRECOMPILE_PREFIX_HEADER = YES;
				GCC_PREFIX_HEADER = "ubercam/ubercam-Prefix.pch";
				INFOPLIST_FILE = "ubercamTests/ubercamTests-Info.plist";
				PRODUCT_NAME = "$(TARGET_NAME)";
				TEST_HOST = "$(BUNDLE_LOADER)";
				WRAPPER_EXTENSION = xctest;
			};
			name = Release;
		};
/* End XCBuildConfiguration section */

/* Begin XCConfigurationList section */
		02FD312418A96F4E0066D987 /* Build configuration list for PBXProject "ubercam" */ = {
			isa = XCConfigurationList;
			buildConfigurations = (
				02FD315318A96F4E0066D987 /* Debug */,
				02FD315418A96F4E0066D987 /* Release */,
			);
			defaultConfigurationIsVisible = 0;
			defaultConfigurationName = Release;
		};
		02FD315518A96F4E0066D987 /* Build configuration list for PBXNativeTarget "ubercam" */ = {
			isa = XCConfigurationList;
			buildConfigurations = (
				02FD315618A96F4E0066D987 /* Debug */,
				02FD315718A96F4E0066D987 /* Release */,
			);
			defaultConfigurationIsVisible = 0;
			defaultConfigurationName = Release;
		};
		02FD315818A96F4E0066D987 /* Build configuration list for PBXNativeTarget "ubercamTests" */ = {
			isa = XCConfigurationList;
			buildConfigurations = (
				02FD315918A96F4E0066D987 /* Debug */,
				02FD315A18A96F4E0066D987 /* Release */,
			);
			defaultConfigurationIsVisible = 0;
			defaultConfigurationName = Release;
		};
/* End XCConfigurationList section */
	};
	rootObject = 02FD312118A96F4E0066D987 /* Project object */;
}
